// !$*UTF8*$!
{
	archiveVersion = 1;
	classes = {
	};
	objectVersion = 51;
	objects = {

/* Begin PBXBuildFile section */
		0B2647B724AED98F007C4A74 /* AppDelegate.swift in Sources */ = {isa = PBXBuildFile; fileRef = 0B2647B624AED98F007C4A74 /* AppDelegate.swift */; };
		0B2647B924AED98F007C4A74 /* SceneDelegate.swift in Sources */ = {isa = PBXBuildFile; fileRef = 0B2647B824AED98F007C4A74 /* SceneDelegate.swift */; };
		0B2647BB24AED98F007C4A74 /* ViewController.swift in Sources */ = {isa = PBXBuildFile; fileRef = 0B2647BA24AED98F007C4A74 /* ViewController.swift */; };
		0B2647BE24AED98F007C4A74 /* Main.storyboard in Resources */ = {isa = PBXBuildFile; fileRef = 0B2647BC24AED98F007C4A74 /* Main.storyboard */; };
		0B2647C024AED990007C4A74 /* Assets.xcassets in Resources */ = {isa = PBXBuildFile; fileRef = 0B2647BF24AED990007C4A74 /* Assets.xcassets */; };
		0B2647C324AED990007C4A74 /* LaunchScreen.storyboard in Resources */ = {isa = PBXBuildFile; fileRef = 0B2647C124AED990007C4A74 /* LaunchScreen.storyboard */; };
		0B5CEBF424B3E3FE006BBDDA /* SignUpViewController.swift in Sources */ = {isa = PBXBuildFile; fileRef = 0B5CEBF324B3E3FE006BBDDA /* SignUpViewController.swift */; };
		0B5CEBF624B3E423006BBDDA /* LoginViewController.swift in Sources */ = {isa = PBXBuildFile; fileRef = 0B5CEBF524B3E423006BBDDA /* LoginViewController.swift */; };
		0B5CEBF824B3E42E006BBDDA /* HomeViewController.swift in Sources */ = {isa = PBXBuildFile; fileRef = 0B5CEBF724B3E42E006BBDDA /* HomeViewController.swift */; };
		0B5CEBFC24B3EF5F006BBDDA /* Utilities.swift in Sources */ = {isa = PBXBuildFile; fileRef = 0B5CEBFB24B3EF5F006BBDDA /* Utilities.swift */; };
		0B5CEBFE24B3FE58006BBDDA /* GoogleService-Info.plist in Resources */ = {isa = PBXBuildFile; fileRef = 0B5CEBFD24B3FE57006BBDDA /* GoogleService-Info.plist */; };
		0B5CEC0024B414EF006BBDDA /* Constants.swift in Sources */ = {isa = PBXBuildFile; fileRef = 0B5CEBFF24B414EF006BBDDA /* Constants.swift */; };
		0BF18A7524BFDECC0014A616 /* User.swift in Sources */ = {isa = PBXBuildFile; fileRef = 0BF18A7424BFDECC0014A616 /* User.swift */; };
		0BF18A7824BFDF760014A616 /* UserController.swift in Sources */ = {isa = PBXBuildFile; fileRef = 0BF18A7724BFDF760014A616 /* UserController.swift */; };
		62613A3424B597F40064549D /* Pods_UnitySearch.framework in Frameworks */ = {isa = PBXBuildFile; fileRef = 6E577872E1714A698B75D8A5 /* Pods_UnitySearch.framework */; };
		626C877D24B75BB20078FA28 /* ProfileViewController.swift in Sources */ = {isa = PBXBuildFile; fileRef = 626C877C24B75BB20078FA28 /* ProfileViewController.swift */; };
		626C877F24B769F40078FA28 /* CheckSkillViewController.swift in Sources */ = {isa = PBXBuildFile; fileRef = 626C877E24B769F40078FA28 /* CheckSkillViewController.swift */; };
		626C878124B99D490078FA28 /* CheckSkillTableViewCell.swift in Sources */ = {isa = PBXBuildFile; fileRef = 626C878024B99D490078FA28 /* CheckSkillTableViewCell.swift */; };
		626C878324BB14BF0078FA28 /* ProfileSkillTableViewCell.swift in Sources */ = {isa = PBXBuildFile; fileRef = 626C878224BB14BF0078FA28 /* ProfileSkillTableViewCell.swift */; };
		626C878524BD517B0078FA28 /* CustomTextField.swift in Sources */ = {isa = PBXBuildFile; fileRef = 626C878424BD517B0078FA28 /* CustomTextField.swift */; };
		626C878824BD56EE0078FA28 /* SFProDisplay-Medium.otf in Resources */ = {isa = PBXBuildFile; fileRef = 626C878724BD56EE0078FA28 /* SFProDisplay-Medium.otf */; };
/* End PBXBuildFile section */

/* Begin PBXFileReference section */
		0B2647B324AED98F007C4A74 /* UnitySearch.app */ = {isa = PBXFileReference; explicitFileType = wrapper.application; includeInIndex = 0; path = UnitySearch.app; sourceTree = BUILT_PRODUCTS_DIR; };
		0B2647B624AED98F007C4A74 /* AppDelegate.swift */ = {isa = PBXFileReference; lastKnownFileType = sourcecode.swift; path = AppDelegate.swift; sourceTree = "<group>"; };
		0B2647B824AED98F007C4A74 /* SceneDelegate.swift */ = {isa = PBXFileReference; lastKnownFileType = sourcecode.swift; path = SceneDelegate.swift; sourceTree = "<group>"; };
		0B2647BA24AED98F007C4A74 /* ViewController.swift */ = {isa = PBXFileReference; lastKnownFileType = sourcecode.swift; path = ViewController.swift; sourceTree = "<group>"; };
		0B2647BD24AED98F007C4A74 /* Base */ = {isa = PBXFileReference; lastKnownFileType = file.storyboard; name = Base; path = Base.lproj/Main.storyboard; sourceTree = "<group>"; };
		0B2647BF24AED990007C4A74 /* Assets.xcassets */ = {isa = PBXFileReference; lastKnownFileType = folder.assetcatalog; path = Assets.xcassets; sourceTree = "<group>"; };
		0B2647C224AED990007C4A74 /* Base */ = {isa = PBXFileReference; lastKnownFileType = file.storyboard; name = Base; path = Base.lproj/LaunchScreen.storyboard; sourceTree = "<group>"; };
		0B2647C424AED990007C4A74 /* Info.plist */ = {isa = PBXFileReference; lastKnownFileType = text.plist.xml; path = Info.plist; sourceTree = "<group>"; };
		0B5CEBF324B3E3FE006BBDDA /* SignUpViewController.swift */ = {isa = PBXFileReference; lastKnownFileType = sourcecode.swift; path = SignUpViewController.swift; sourceTree = "<group>"; };
		0B5CEBF524B3E423006BBDDA /* LoginViewController.swift */ = {isa = PBXFileReference; lastKnownFileType = sourcecode.swift; path = LoginViewController.swift; sourceTree = "<group>"; };
		0B5CEBF724B3E42E006BBDDA /* HomeViewController.swift */ = {isa = PBXFileReference; lastKnownFileType = sourcecode.swift; path = HomeViewController.swift; sourceTree = "<group>"; };
		0B5CEBFB24B3EF5F006BBDDA /* Utilities.swift */ = {isa = PBXFileReference; lastKnownFileType = sourcecode.swift; path = Utilities.swift; sourceTree = "<group>"; };
		0B5CEBFD24B3FE57006BBDDA /* GoogleService-Info.plist */ = {isa = PBXFileReference; fileEncoding = 4; lastKnownFileType = text.plist.xml; path = "GoogleService-Info.plist"; sourceTree = "<group>"; };
		0B5CEBFF24B414EF006BBDDA /* Constants.swift */ = {isa = PBXFileReference; lastKnownFileType = sourcecode.swift; path = Constants.swift; sourceTree = "<group>"; };
		0BF18A7424BFDECC0014A616 /* User.swift */ = {isa = PBXFileReference; lastKnownFileType = sourcecode.swift; path = User.swift; sourceTree = SOURCE_ROOT; };
		0BF18A7724BFDF760014A616 /* UserController.swift */ = {isa = PBXFileReference; lastKnownFileType = sourcecode.swift; path = UserController.swift; sourceTree = "<group>"; };
		553E5EF9D04F352081F17544 /* Pods-UnitySearch.debug.xcconfig */ = {isa = PBXFileReference; includeInIndex = 1; lastKnownFileType = text.xcconfig; name = "Pods-UnitySearch.debug.xcconfig"; path = "Target Support Files/Pods-UnitySearch/Pods-UnitySearch.debug.xcconfig"; sourceTree = "<group>"; };
		626C877C24B75BB20078FA28 /* ProfileViewController.swift */ = {isa = PBXFileReference; lastKnownFileType = sourcecode.swift; path = ProfileViewController.swift; sourceTree = "<group>"; };
		626C877E24B769F40078FA28 /* CheckSkillViewController.swift */ = {isa = PBXFileReference; lastKnownFileType = sourcecode.swift; path = CheckSkillViewController.swift; sourceTree = "<group>"; };
		626C878024B99D490078FA28 /* CheckSkillTableViewCell.swift */ = {isa = PBXFileReference; lastKnownFileType = sourcecode.swift; path = CheckSkillTableViewCell.swift; sourceTree = "<group>"; };
		626C878224BB14BF0078FA28 /* ProfileSkillTableViewCell.swift */ = {isa = PBXFileReference; lastKnownFileType = sourcecode.swift; path = ProfileSkillTableViewCell.swift; sourceTree = "<group>"; };
		626C878424BD517B0078FA28 /* CustomTextField.swift */ = {isa = PBXFileReference; lastKnownFileType = sourcecode.swift; path = CustomTextField.swift; sourceTree = "<group>"; };
		626C878724BD56EE0078FA28 /* SFProDisplay-Medium.otf */ = {isa = PBXFileReference; lastKnownFileType = file; path = "SFProDisplay-Medium.otf"; sourceTree = "<group>"; };
		6E577872E1714A698B75D8A5 /* Pods_UnitySearch.framework */ = {isa = PBXFileReference; explicitFileType = wrapper.framework; includeInIndex = 0; path = Pods_UnitySearch.framework; sourceTree = BUILT_PRODUCTS_DIR; };
		E2E57A4CD0725A92D41F7137 /* Pods-UnitySearch.release.xcconfig */ = {isa = PBXFileReference; includeInIndex = 1; lastKnownFileType = text.xcconfig; name = "Pods-UnitySearch.release.xcconfig"; path = "Target Support Files/Pods-UnitySearch/Pods-UnitySearch.release.xcconfig"; sourceTree = "<group>"; };
/* End PBXFileReference section */

/* Begin PBXFrameworksBuildPhase section */
		0B2647B024AED98F007C4A74 /* Frameworks */ = {
			isa = PBXFrameworksBuildPhase;
			buildActionMask = 2147483647;
			files = (
				62613A3424B597F40064549D /* Pods_UnitySearch.framework in Frameworks */,
			);
			runOnlyForDeploymentPostprocessing = 0;
		};
/* End PBXFrameworksBuildPhase section */

/* Begin PBXGroup section */
		0B2647AA24AED98F007C4A74 = {
			isa = PBXGroup;
			children = (
				0B2647B524AED98F007C4A74 /* UnitySearch */,
				0B2647B424AED98F007C4A74 /* Products */,
				48C8A3DD5C55B4C65926C5A2 /* Pods */,
				AA33C75CD13D64111E04455D /* Frameworks */,
			);
			sourceTree = "<group>";
		};
		0B2647B424AED98F007C4A74 /* Products */ = {
			isa = PBXGroup;
			children = (
				0B2647B324AED98F007C4A74 /* UnitySearch.app */,
			);
			name = Products;
			sourceTree = "<group>";
		};
		0B2647B524AED98F007C4A74 /* UnitySearch */ = {
			isa = PBXGroup;
			children = (
				0BF18A7324BFDEB90014A616 /* Model */,
				0BF18A7624BFDF5D0014A616 /* Model Controller */,
				626C878624BD56CF0078FA28 /* Fonts */,
				0B5CEBFA24B3EEF1006BBDDA /* Helpers */,
				0B5CEBF924B3E434006BBDDA /* View Controllers */,
				0B2647B624AED98F007C4A74 /* AppDelegate.swift */,
				0B2647B824AED98F007C4A74 /* SceneDelegate.swift */,
				0B2647BA24AED98F007C4A74 /* ViewController.swift */,
				0B2647BC24AED98F007C4A74 /* Main.storyboard */,
				0B2647BF24AED990007C4A74 /* Assets.xcassets */,
				0B2647C124AED990007C4A74 /* LaunchScreen.storyboard */,
				0B2647C424AED990007C4A74 /* Info.plist */,
				0B5CEBFD24B3FE57006BBDDA /* GoogleService-Info.plist */,
			);
			path = UnitySearch;
			sourceTree = "<group>";
		};
		0B5CEBF924B3E434006BBDDA /* View Controllers */ = {
			isa = PBXGroup;
			children = (
				0B5CEBF324B3E3FE006BBDDA /* SignUpViewController.swift */,
				626C877C24B75BB20078FA28 /* ProfileViewController.swift */,
				626C878224BB14BF0078FA28 /* ProfileSkillTableViewCell.swift */,
				626C877E24B769F40078FA28 /* CheckSkillViewController.swift */,
				626C878024B99D490078FA28 /* CheckSkillTableViewCell.swift */,
				0B5CEBF524B3E423006BBDDA /* LoginViewController.swift */,
				0B5CEBF724B3E42E006BBDDA /* HomeViewController.swift */,
			);
			path = "View Controllers";
			sourceTree = "<group>";
		};
		0B5CEBFA24B3EEF1006BBDDA /* Helpers */ = {
			isa = PBXGroup;
			children = (
				0B5CEBFB24B3EF5F006BBDDA /* Utilities.swift */,
				0B5CEBFF24B414EF006BBDDA /* Constants.swift */,
				626C878424BD517B0078FA28 /* CustomTextField.swift */,
			);
			path = Helpers;
			sourceTree = "<group>";
		};
		0BF18A7324BFDEB90014A616 /* Model */ = {
			isa = PBXGroup;
			children = (
				0BF18A7424BFDECC0014A616 /* User.swift */,
			);
			path = Model;
			sourceTree = "<group>";
		};
		0BF18A7624BFDF5D0014A616 /* Model Controller */ = {
			isa = PBXGroup;
			children = (
				0BF18A7724BFDF760014A616 /* UserController.swift */,
			);
			path = "Model Controller";
			sourceTree = "<group>";
		};
		48C8A3DD5C55B4C65926C5A2 /* Pods */ = {
			isa = PBXGroup;
			children = (
				553E5EF9D04F352081F17544 /* Pods-UnitySearch.debug.xcconfig */,
				E2E57A4CD0725A92D41F7137 /* Pods-UnitySearch.release.xcconfig */,
			);
			path = Pods;
			sourceTree = "<group>";
		};
		626C878624BD56CF0078FA28 /* Fonts */ = {
			isa = PBXGroup;
			children = (
				626C878724BD56EE0078FA28 /* SFProDisplay-Medium.otf */,
			);
			name = Fonts;
			sourceTree = "<group>";
		};
		AA33C75CD13D64111E04455D /* Frameworks */ = {
			isa = PBXGroup;
			children = (
				6E577872E1714A698B75D8A5 /* Pods_UnitySearch.framework */,
			);
			name = Frameworks;
			sourceTree = "<group>";
		};
/* End PBXGroup section */

/* Begin PBXNativeTarget section */
		0B2647B224AED98F007C4A74 /* UnitySearch */ = {
			isa = PBXNativeTarget;
			buildConfigurationList = 0B2647C724AED990007C4A74 /* Build configuration list for PBXNativeTarget "UnitySearch" */;
			buildPhases = (
				474CEE918FEF1B00E053E7B8 /* [CP] Check Pods Manifest.lock */,
				0B2647AF24AED98F007C4A74 /* Sources */,
				0B2647B024AED98F007C4A74 /* Frameworks */,
				0B2647B124AED98F007C4A74 /* Resources */,
				12B908CBF7439E5A2FC6489F /* [CP] Embed Pods Frameworks */,
			);
			buildRules = (
			);
			dependencies = (
			);
			name = UnitySearch;
			productName = UnitySearch;
			productReference = 0B2647B324AED98F007C4A74 /* UnitySearch.app */;
			productType = "com.apple.product-type.application";
		};
/* End PBXNativeTarget section */

/* Begin PBXProject section */
		0B2647AB24AED98F007C4A74 /* Project object */ = {
			isa = PBXProject;
			attributes = {
				LastSwiftUpdateCheck = 1120;
				LastUpgradeCheck = 1120;
				ORGANIZATIONNAME = "Dongwoo Pae";
				TargetAttributes = {
					0B2647B224AED98F007C4A74 = {
						CreatedOnToolsVersion = 11.2.1;
					};
				};
			};
			buildConfigurationList = 0B2647AE24AED98F007C4A74 /* Build configuration list for PBXProject "UnitySearch" */;
			compatibilityVersion = "Xcode 9.3";
			developmentRegion = en;
			hasScannedForEncodings = 0;
			knownRegions = (
				en,
				Base,
			);
			mainGroup = 0B2647AA24AED98F007C4A74;
			productRefGroup = 0B2647B424AED98F007C4A74 /* Products */;
			projectDirPath = "";
			projectRoot = "";
			targets = (
				0B2647B224AED98F007C4A74 /* UnitySearch */,
			);
		};
/* End PBXProject section */

/* Begin PBXResourcesBuildPhase section */
		0B2647B124AED98F007C4A74 /* Resources */ = {
			isa = PBXResourcesBuildPhase;
			buildActionMask = 2147483647;
			files = (
				0B2647C324AED990007C4A74 /* LaunchScreen.storyboard in Resources */,
				0B5CEBFE24B3FE58006BBDDA /* GoogleService-Info.plist in Resources */,
				0B2647C024AED990007C4A74 /* Assets.xcassets in Resources */,
				0B2647BE24AED98F007C4A74 /* Main.storyboard in Resources */,
				626C878824BD56EE0078FA28 /* SFProDisplay-Medium.otf in Resources */,
			);
			runOnlyForDeploymentPostprocessing = 0;
		};
/* End PBXResourcesBuildPhase section */

/* Begin PBXShellScriptBuildPhase section */
		12B908CBF7439E5A2FC6489F /* [CP] Embed Pods Frameworks */ = {
			isa = PBXShellScriptBuildPhase;
			buildActionMask = 2147483647;
			files = (
			);
			inputFileListPaths = (
				"${PODS_ROOT}/Target Support Files/Pods-UnitySearch/Pods-UnitySearch-frameworks-${CONFIGURATION}-input-files.xcfilelist",
			);
			name = "[CP] Embed Pods Frameworks";
			outputFileListPaths = (
				"${PODS_ROOT}/Target Support Files/Pods-UnitySearch/Pods-UnitySearch-frameworks-${CONFIGURATION}-output-files.xcfilelist",
			);
			runOnlyForDeploymentPostprocessing = 0;
			shellPath = /bin/sh;
			shellScript = "\"${PODS_ROOT}/Target Support Files/Pods-UnitySearch/Pods-UnitySearch-frameworks.sh\"\n";
			showEnvVarsInLog = 0;
		};
		474CEE918FEF1B00E053E7B8 /* [CP] Check Pods Manifest.lock */ = {
			isa = PBXShellScriptBuildPhase;
			buildActionMask = 2147483647;
			files = (
			);
			inputFileListPaths = (
			);
			inputPaths = (
				"${PODS_PODFILE_DIR_PATH}/Podfile.lock",
				"${PODS_ROOT}/Manifest.lock",
			);
			name = "[CP] Check Pods Manifest.lock";
			outputFileListPaths = (
			);
			outputPaths = (
				"$(DERIVED_FILE_DIR)/Pods-UnitySearch-checkManifestLockResult.txt",
			);
			runOnlyForDeploymentPostprocessing = 0;
			shellPath = /bin/sh;
			shellScript = "diff \"${PODS_PODFILE_DIR_PATH}/Podfile.lock\" \"${PODS_ROOT}/Manifest.lock\" > /dev/null\nif [ $? != 0 ] ; then\n    # print error to STDERR\n    echo \"error: The sandbox is not in sync with the Podfile.lock. Run 'pod install' or update your CocoaPods installation.\" >&2\n    exit 1\nfi\n# This output is used by Xcode 'outputs' to avoid re-running this script phase.\necho \"SUCCESS\" > \"${SCRIPT_OUTPUT_FILE_0}\"\n";
			showEnvVarsInLog = 0;
		};
/* End PBXShellScriptBuildPhase section */

/* Begin PBXSourcesBuildPhase section */
		0B2647AF24AED98F007C4A74 /* Sources */ = {
			isa = PBXSourcesBuildPhase;
			buildActionMask = 2147483647;
			files = (
				626C878524BD517B0078FA28 /* CustomTextField.swift in Sources */,
				0B2647BB24AED98F007C4A74 /* ViewController.swift in Sources */,
				0B2647B724AED98F007C4A74 /* AppDelegate.swift in Sources */,
				0B5CEBFC24B3EF5F006BBDDA /* Utilities.swift in Sources */,
				0B5CEBF424B3E3FE006BBDDA /* SignUpViewController.swift in Sources */,
				0B5CEBF624B3E423006BBDDA /* LoginViewController.swift in Sources */,
				0BF18A7524BFDECC0014A616 /* User.swift in Sources */,
				0B2647B924AED98F007C4A74 /* SceneDelegate.swift in Sources */,
				626C877D24B75BB20078FA28 /* ProfileViewController.swift in Sources */,
				626C877F24B769F40078FA28 /* CheckSkillViewController.swift in Sources */,
				626C878124B99D490078FA28 /* CheckSkillTableViewCell.swift in Sources */,
				626C878324BB14BF0078FA28 /* ProfileSkillTableViewCell.swift in Sources */,
				0BF18A7824BFDF760014A616 /* UserController.swift in Sources */,
				0B5CEBF824B3E42E006BBDDA /* HomeViewController.swift in Sources */,
				0B5CEC0024B414EF006BBDDA /* Constants.swift in Sources */,
			);
			runOnlyForDeploymentPostprocessing = 0;
		};
/* End PBXSourcesBuildPhase section */

/* Begin PBXVariantGroup section */
		0B2647BC24AED98F007C4A74 /* Main.storyboard */ = {
			isa = PBXVariantGroup;
			children = (
				0B2647BD24AED98F007C4A74 /* Base */,
			);
			name = Main.storyboard;
			sourceTree = "<group>";
		};
		0B2647C124AED990007C4A74 /* LaunchScreen.storyboard */ = {
			isa = PBXVariantGroup;
			children = (
				0B2647C224AED990007C4A74 /* Base */,
			);
			name = LaunchScreen.storyboard;
			sourceTree = "<group>";
		};
/* End PBXVariantGroup section */

/* Begin XCBuildConfiguration section */
		0B2647C524AED990007C4A74 /* Debug */ = {
			isa = XCBuildConfiguration;
			buildSettings = {
				ALWAYS_SEARCH_USER_PATHS = NO;
				CLANG_ANALYZER_NONNULL = YES;
				CLANG_ANALYZER_NUMBER_OBJECT_CONVERSION = YES_AGGRESSIVE;
				CLANG_CXX_LANGUAGE_STANDARD = "gnu++14";
				CLANG_CXX_LIBRARY = "libc++";
				CLANG_ENABLE_MODULES = YES;
				CLANG_ENABLE_OBJC_ARC = YES;
				CLANG_ENABLE_OBJC_WEAK = YES;
				CLANG_WARN_BLOCK_CAPTURE_AUTORELEASING = YES;
				CLANG_WARN_BOOL_CONVERSION = YES;
				CLANG_WARN_COMMA = YES;
				CLANG_WARN_CONSTANT_CONVERSION = YES;
				CLANG_WARN_DEPRECATED_OBJC_IMPLEMENTATIONS = YES;
				CLANG_WARN_DIRECT_OBJC_ISA_USAGE = YES_ERROR;
				CLANG_WARN_DOCUMENTATION_COMMENTS = YES;
				CLANG_WARN_EMPTY_BODY = YES;
				CLANG_WARN_ENUM_CONVERSION = YES;
				CLANG_WARN_INFINITE_RECURSION = YES;
				CLANG_WARN_INT_CONVERSION = YES;
				CLANG_WARN_NON_LITERAL_NULL_CONVERSION = YES;
				CLANG_WARN_OBJC_IMPLICIT_RETAIN_SELF = YES;
				CLANG_WARN_OBJC_LITERAL_CONVERSION = YES;
				CLANG_WARN_OBJC_ROOT_CLASS = YES_ERROR;
				CLANG_WARN_RANGE_LOOP_ANALYSIS = YES;
				CLANG_WARN_STRICT_PROTOTYPES = YES;
				CLANG_WARN_SUSPICIOUS_MOVE = YES;
				CLANG_WARN_UNGUARDED_AVAILABILITY = YES_AGGRESSIVE;
				CLANG_WARN_UNREACHABLE_CODE = YES;
				CLANG_WARN__DUPLICATE_METHOD_MATCH = YES;
				COPY_PHASE_STRIP = NO;
				DEBUG_INFORMATION_FORMAT = dwarf;
				ENABLE_STRICT_OBJC_MSGSEND = YES;
				ENABLE_TESTABILITY = YES;
				GCC_C_LANGUAGE_STANDARD = gnu11;
				GCC_DYNAMIC_NO_PIC = NO;
				GCC_NO_COMMON_BLOCKS = YES;
				GCC_OPTIMIZATION_LEVEL = 0;
				GCC_PREPROCESSOR_DEFINITIONS = (
					"DEBUG=1",
					"$(inherited)",
				);
				GCC_WARN_64_TO_32_BIT_CONVERSION = YES;
				GCC_WARN_ABOUT_RETURN_TYPE = YES_ERROR;
				GCC_WARN_UNDECLARED_SELECTOR = YES;
				GCC_WARN_UNINITIALIZED_AUTOS = YES_AGGRESSIVE;
				GCC_WARN_UNUSED_FUNCTION = YES;
				GCC_WARN_UNUSED_VARIABLE = YES;
				IPHONEOS_DEPLOYMENT_TARGET = 13.2;
				MTL_ENABLE_DEBUG_INFO = INCLUDE_SOURCE;
				MTL_FAST_MATH = YES;
				ONLY_ACTIVE_ARCH = YES;
				SDKROOT = iphoneos;
				SWIFT_ACTIVE_COMPILATION_CONDITIONS = DEBUG;
				SWIFT_OPTIMIZATION_LEVEL = "-Onone";
			};
			name = Debug;
		};
		0B2647C624AED990007C4A74 /* Release */ = {
			isa = XCBuildConfiguration;
			buildSettings = {
				ALWAYS_SEARCH_USER_PATHS = NO;
				CLANG_ANALYZER_NONNULL = YES;
				CLANG_ANALYZER_NUMBER_OBJECT_CONVERSION = YES_AGGRESSIVE;
				CLANG_CXX_LANGUAGE_STANDARD = "gnu++14";
				CLANG_CXX_LIBRARY = "libc++";
				CLANG_ENABLE_MODULES = YES;
				CLANG_ENABLE_OBJC_ARC = YES;
				CLANG_ENABLE_OBJC_WEAK = YES;
				CLANG_WARN_BLOCK_CAPTURE_AUTORELEASING = YES;
				CLANG_WARN_BOOL_CONVERSION = YES;
				CLANG_WARN_COMMA = YES;
				CLANG_WARN_CONSTANT_CONVERSION = YES;
				CLANG_WARN_DEPRECATED_OBJC_IMPLEMENTATIONS = YES;
				CLANG_WARN_DIRECT_OBJC_ISA_USAGE = YES_ERROR;
				CLANG_WARN_DOCUMENTATION_COMMENTS = YES;
				CLANG_WARN_EMPTY_BODY = YES;
				CLANG_WARN_ENUM_CONVERSION = YES;
				CLANG_WARN_INFINITE_RECURSION = YES;
				CLANG_WARN_INT_CONVERSION = YES;
				CLANG_WARN_NON_LITERAL_NULL_CONVERSION = YES;
				CLANG_WARN_OBJC_IMPLICIT_RETAIN_SELF = YES;
				CLANG_WARN_OBJC_LITERAL_CONVERSION = YES;
				CLANG_WARN_OBJC_ROOT_CLASS = YES_ERROR;
				CLANG_WARN_RANGE_LOOP_ANALYSIS = YES;
				CLANG_WARN_STRICT_PROTOTYPES = YES;
				CLANG_WARN_SUSPICIOUS_MOVE = YES;
				CLANG_WARN_UNGUARDED_AVAILABILITY = YES_AGGRESSIVE;
				CLANG_WARN_UNREACHABLE_CODE = YES;
				CLANG_WARN__DUPLICATE_METHOD_MATCH = YES;
				COPY_PHASE_STRIP = NO;
				DEBUG_INFORMATION_FORMAT = "dwarf-with-dsym";
				ENABLE_NS_ASSERTIONS = NO;
				ENABLE_STRICT_OBJC_MSGSEND = YES;
				GCC_C_LANGUAGE_STANDARD = gnu11;
				GCC_NO_COMMON_BLOCKS = YES;
				GCC_WARN_64_TO_32_BIT_CONVERSION = YES;
				GCC_WARN_ABOUT_RETURN_TYPE = YES_ERROR;
				GCC_WARN_UNDECLARED_SELECTOR = YES;
				GCC_WARN_UNINITIALIZED_AUTOS = YES_AGGRESSIVE;
				GCC_WARN_UNUSED_FUNCTION = YES;
				GCC_WARN_UNUSED_VARIABLE = YES;
				IPHONEOS_DEPLOYMENT_TARGET = 13.2;
				MTL_ENABLE_DEBUG_INFO = NO;
				MTL_FAST_MATH = YES;
				SDKROOT = iphoneos;
				SWIFT_COMPILATION_MODE = wholemodule;
				SWIFT_OPTIMIZATION_LEVEL = "-O";
				VALIDATE_PRODUCT = YES;
			};
			name = Release;
		};
		0B2647C824AED990007C4A74 /* Debug */ = {
			isa = XCBuildConfiguration;
			baseConfigurationReference = 553E5EF9D04F352081F17544 /* Pods-UnitySearch.debug.xcconfig */;
			buildSettings = {
				ASSETCATALOG_COMPILER_APPICON_NAME = AppIcon;
				CODE_SIGN_STYLE = Automatic;
				DEVELOPMENT_TEAM = C22Z4773SH;
				INFOPLIST_FILE = UnitySearch/Info.plist;
				LD_RUNPATH_SEARCH_PATHS = (
					"$(inherited)",
					"@executable_path/Frameworks",
				);
				PRODUCT_BUNDLE_IDENTIFIER = com.dongwoopae.UnitySearch;
				PRODUCT_NAME = "$(TARGET_NAME)";
				SWIFT_VERSION = 5.0;
				TARGETED_DEVICE_FAMILY = "1,2";
			};
			name = Debug;
		};
		0B2647C924AED990007C4A74 /* Release */ = {
			isa = XCBuildConfiguration;
			baseConfigurationReference = E2E57A4CD0725A92D41F7137 /* Pods-UnitySearch.release.xcconfig */;
			buildSettings = {
				ASSETCATALOG_COMPILER_APPICON_NAME = AppIcon;
				CODE_SIGN_STYLE = Automatic;
				DEVELOPMENT_TEAM = C22Z4773SH;
				INFOPLIST_FILE = UnitySearch/Info.plist;
				LD_RUNPATH_SEARCH_PATHS = (
					"$(inherited)",
					"@executable_path/Frameworks",
				);
				PRODUCT_BUNDLE_IDENTIFIER = com.dongwoopae.UnitySearch;
				PRODUCT_NAME = "$(TARGET_NAME)";
				SWIFT_VERSION = 5.0;
				TARGETED_DEVICE_FAMILY = "1,2";
			};
			name = Release;
		};
/* End XCBuildConfiguration section */

/* Begin XCConfigurationList section */
		0B2647AE24AED98F007C4A74 /* Build configuration list for PBXProject "UnitySearch" */ = {
			isa = XCConfigurationList;
			buildConfigurations = (
				0B2647C524AED990007C4A74 /* Debug */,
				0B2647C624AED990007C4A74 /* Release */,
			);
			defaultConfigurationIsVisible = 0;
			defaultConfigurationName = Release;
		};
		0B2647C724AED990007C4A74 /* Build configuration list for PBXNativeTarget "UnitySearch" */ = {
			isa = XCConfigurationList;
			buildConfigurations = (
				0B2647C824AED990007C4A74 /* Debug */,
				0B2647C924AED990007C4A74 /* Release */,
			);
			defaultConfigurationIsVisible = 0;
			defaultConfigurationName = Release;
		};
/* End XCConfigurationList section */
	};
	rootObject = 0B2647AB24AED98F007C4A74 /* Project object */;
}
